
Microsoft Visual Studio Solution File, Format Version 12.00
# Visual Studio Version 16
VisualStudioVersion = 16.0.31313.79
MinimumVisualStudioVersion = 10.0.40219.1
Project("{FAE04EC0-301F-11D3-BF4B-00C04F79EFBC}") = "hesapmakinesi", "hesapmakinesi.csproj", "{9247BDBE-A464-4C03-9217-02AF1B59F338}"
EndProject
Global
	GlobalSection(SolutionConfigurationPlatforms) = preSolution
		Debug|Any CPU = Debug|Any CPU
		Release|Any CPU = Release|Any CPU
	EndGlobalSection
	GlobalSection(ProjectConfigurationPlatforms) = postSolution
		{9247BDBE-A464-4C03-9217-02AF1B59F338}.Debug|Any CPU.ActiveCfg = Debug|Any CPU
		{9247BDBE-A464-4C03-9217-02AF1B59F338}.Debug|Any CPU.Build.0 = Debug|Any CPU
		{9247BDBE-A464-4C03-9217-02AF1B59F338}.Release|Any CPU.ActiveCfg = Release|Any CPU
		{9247BDBE-A464-4C03-9217-02AF1B59F338}.Release|Any CPU.Build.0 = Release|Any CPU
	EndGlobalSection
	GlobalSection(SolutionProperties) = preSolution
		HideSolutionNode = FALSE
	EndGlobalSection
	GlobalSection(ExtensibilityGlobals) = postSolution
		SolutionGuid = {4D7C7DE0-A66B-4398-88A9-C5F60B0B3DDD}
	EndGlobalSection
EndGlobal
